
Microsoft Visual Studio Solution File, Format Version 12.00
# Visual Studio Version 16
VisualStudioVersion = 16.0.33927.289
MinimumVisualStudioVersion = 10.0.40219.1
Project("{FAE04EC0-301F-11D3-BF4B-00C04F79EFBC}") = "WebAppBanHangOnlineNhomNBTPQ", "WebAppBanHangOnlineNhomNBTPQ.csproj", "{123CB7D9-3AF3-42B7-9D22-BB725957D852}"
EndProject
Global
	GlobalSection(SolutionConfigurationPlatforms) = preSolution
		Debug|Any CPU = Debug|Any CPU
		Release|Any CPU = Release|Any CPU
	EndGlobalSection
	GlobalSection(ProjectConfigurationPlatforms) = postSolution
		{123CB7D9-3AF3-42B7-9D22-BB725957D852}.Debug|Any CPU.ActiveCfg = Debug|Any CPU
		{123CB7D9-3AF3-42B7-9D22-BB725957D852}.Debug|Any CPU.Build.0 = Debug|Any CPU
		{123CB7D9-3AF3-42B7-9D22-BB725957D852}.Release|Any CPU.ActiveCfg = Release|Any CPU
		{123CB7D9-3AF3-42B7-9D22-BB725957D852}.Release|Any CPU.Build.0 = Release|Any CPU
	EndGlobalSection
	GlobalSection(SolutionProperties) = preSolution
		HideSolutionNode = FALSE
	EndGlobalSection
	GlobalSection(ExtensibilityGlobals) = postSolution
		SolutionGuid = {99F83BBD-F4B7-4333-8F6D-C4B097AA3DBF}
	EndGlobalSection
EndGlobal
